// !$*UTF8*$!
{
	archiveVersion = 1;
	classes = {
	};
	objectVersion = 56;
	objects = {

/* Begin PBXBuildFile section */
		E603178B29D5D5E50080EC4B /* server-response.json in Resources */ = {isa = PBXBuildFile; fileRef = E603178A29D5D5E50080EC4B /* server-response.json */; };
		E603178D29D5D6500080EC4B /* DecodableData.swift in Sources */ = {isa = PBXBuildFile; fileRef = E603178C29D5D6500080EC4B /* DecodableData.swift */; };
		E603178F29D5D67A0080EC4B /* Viagem.swift in Sources */ = {isa = PBXBuildFile; fileRef = E603178E29D5D67A0080EC4B /* Viagem.swift */; };
		E603179129D5D6820080EC4B /* TiposDeViagens.swift in Sources */ = {isa = PBXBuildFile; fileRef = E603179029D5D6820080EC4B /* TiposDeViagens.swift */; };
		E603179429D5D6B00080EC4B /* UIView+Extension.swift in Sources */ = {isa = PBXBuildFile; fileRef = E603179329D5D6B00080EC4B /* UIView+Extension.swift */; };
		E603179629D5D74B0080EC4B /* ViagemViewModel.swift in Sources */ = {isa = PBXBuildFile; fileRef = E603179529D5D74B0080EC4B /* ViagemViewModel.swift */; };
		E614C57B29C8CFF2008B88C1 /* AppDelegate.swift in Sources */ = {isa = PBXBuildFile; fileRef = E614C57A29C8CFF2008B88C1 /* AppDelegate.swift */; };
		E614C57D29C8CFF2008B88C1 /* SceneDelegate.swift in Sources */ = {isa = PBXBuildFile; fileRef = E614C57C29C8CFF2008B88C1 /* SceneDelegate.swift */; };
		E614C57F29C8CFF2008B88C1 /* ViewController.swift in Sources */ = {isa = PBXBuildFile; fileRef = E614C57E29C8CFF2008B88C1 /* ViewController.swift */; };
		E614C58229C8CFF2008B88C1 /* Main.storyboard in Resources */ = {isa = PBXBuildFile; fileRef = E614C58029C8CFF2008B88C1 /* Main.storyboard */; };
		E614C58429C8CFF3008B88C1 /* Assets.xcassets in Resources */ = {isa = PBXBuildFile; fileRef = E614C58329C8CFF3008B88C1 /* Assets.xcassets */; };
		E614C58729C8CFF3008B88C1 /* LaunchScreen.storyboard in Resources */ = {isa = PBXBuildFile; fileRef = E614C58529C8CFF3008B88C1 /* LaunchScreen.storyboard */; };
		E633708129D3529E001176B8 /* ViagemTableViewCell.swift in Sources */ = {isa = PBXBuildFile; fileRef = E633707F29D3529E001176B8 /* ViagemTableViewCell.swift */; };
		E633708229D3529E001176B8 /* ViagemTableViewCell.xib in Resources */ = {isa = PBXBuildFile; fileRef = E633708029D3529E001176B8 /* ViagemTableViewCell.xib */; };
		E6CD512D29DB4D480061AB63 /* ViagemDestaqueViewModel.swift in Sources */ = {isa = PBXBuildFile; fileRef = E6CD512C29DB4D480061AB63 /* ViagemDestaqueViewModel.swift */; };
		E6DC883329CA13E900005D5E /* HomeTableViewHeader.xib in Resources */ = {isa = PBXBuildFile; fileRef = E6DC883229CA13E900005D5E /* HomeTableViewHeader.xib */; };
		E6DC883529CA176B00005D5E /* HomeTableViewHeader.swift in Sources */ = {isa = PBXBuildFile; fileRef = E6DC883429CA176B00005D5E /* HomeTableViewHeader.swift */; };
		E6EB9E0729DC8CDB00E237BB /* OfertaTableViewCell.swift in Sources */ = {isa = PBXBuildFile; fileRef = E6EB9E0529DC8CDB00E237BB /* OfertaTableViewCell.swift */; };
		E6EB9E0829DC8CDB00E237BB /* OfertaTableViewCell.xib in Resources */ = {isa = PBXBuildFile; fileRef = E6EB9E0629DC8CDB00E237BB /* OfertaTableViewCell.xib */; };
		E6EB9E0A29DC8DB300E237BB /* ViagemOfertaViewModel.swift in Sources */ = {isa = PBXBuildFile; fileRef = E6EB9E0929DC8DB300E237BB /* ViagemOfertaViewModel.swift */; };
/* End PBXBuildFile section */

/* Begin PBXFileReference section */
		E603178A29D5D5E50080EC4B /* server-response.json */ = {isa = PBXFileReference; fileEncoding = 4; lastKnownFileType = text.json; path = "server-response.json"; sourceTree = "<group>"; };
		E603178C29D5D6500080EC4B /* DecodableData.swift */ = {isa = PBXFileReference; fileEncoding = 4; lastKnownFileType = sourcecode.swift; path = DecodableData.swift; sourceTree = "<group>"; };
		E603178E29D5D67A0080EC4B /* Viagem.swift */ = {isa = PBXFileReference; fileEncoding = 4; lastKnownFileType = sourcecode.swift; path = Viagem.swift; sourceTree = "<group>"; };
		E603179029D5D6820080EC4B /* TiposDeViagens.swift */ = {isa = PBXFileReference; fileEncoding = 4; lastKnownFileType = sourcecode.swift; path = TiposDeViagens.swift; sourceTree = "<group>"; };
		E603179329D5D6B00080EC4B /* UIView+Extension.swift */ = {isa = PBXFileReference; fileEncoding = 4; lastKnownFileType = sourcecode.swift; path = "UIView+Extension.swift"; sourceTree = "<group>"; };
		E603179529D5D74B0080EC4B /* ViagemViewModel.swift */ = {isa = PBXFileReference; lastKnownFileType = sourcecode.swift; path = ViagemViewModel.swift; sourceTree = "<group>"; };
		E614C57729C8CFF2008B88C1 /* Alura-Viagens.app */ = {isa = PBXFileReference; explicitFileType = wrapper.application; includeInIndex = 0; path = "Alura-Viagens.app"; sourceTree = BUILT_PRODUCTS_DIR; };
		E614C57A29C8CFF2008B88C1 /* AppDelegate.swift */ = {isa = PBXFileReference; lastKnownFileType = sourcecode.swift; path = AppDelegate.swift; sourceTree = "<group>"; };
		E614C57C29C8CFF2008B88C1 /* SceneDelegate.swift */ = {isa = PBXFileReference; lastKnownFileType = sourcecode.swift; path = SceneDelegate.swift; sourceTree = "<group>"; };
		E614C57E29C8CFF2008B88C1 /* ViewController.swift */ = {isa = PBXFileReference; lastKnownFileType = sourcecode.swift; path = ViewController.swift; sourceTree = "<group>"; };
		E614C58129C8CFF2008B88C1 /* Base */ = {isa = PBXFileReference; lastKnownFileType = file.storyboard; name = Base; path = Base.lproj/Main.storyboard; sourceTree = "<group>"; };
		E614C58329C8CFF3008B88C1 /* Assets.xcassets */ = {isa = PBXFileReference; lastKnownFileType = folder.assetcatalog; path = Assets.xcassets; sourceTree = "<group>"; };
		E614C58629C8CFF3008B88C1 /* Base */ = {isa = PBXFileReference; lastKnownFileType = file.storyboard; name = Base; path = Base.lproj/LaunchScreen.storyboard; sourceTree = "<group>"; };
		E614C58829C8CFF3008B88C1 /* Info.plist */ = {isa = PBXFileReference; lastKnownFileType = text.plist.xml; path = Info.plist; sourceTree = "<group>"; };
		E633707F29D3529E001176B8 /* ViagemTableViewCell.swift */ = {isa = PBXFileReference; lastKnownFileType = sourcecode.swift; path = ViagemTableViewCell.swift; sourceTree = "<group>"; };
		E633708029D3529E001176B8 /* ViagemTableViewCell.xib */ = {isa = PBXFileReference; lastKnownFileType = file.xib; path = ViagemTableViewCell.xib; sourceTree = "<group>"; };
		E6CD512C29DB4D480061AB63 /* ViagemDestaqueViewModel.swift */ = {isa = PBXFileReference; lastKnownFileType = sourcecode.swift; path = ViagemDestaqueViewModel.swift; sourceTree = "<group>"; };
		E6DC883229CA13E900005D5E /* HomeTableViewHeader.xib */ = {isa = PBXFileReference; lastKnownFileType = file.xib; path = HomeTableViewHeader.xib; sourceTree = "<group>"; };
		E6DC883429CA176B00005D5E /* HomeTableViewHeader.swift */ = {isa = PBXFileReference; lastKnownFileType = sourcecode.swift; path = HomeTableViewHeader.swift; sourceTree = "<group>"; };
		E6EB9E0529DC8CDB00E237BB /* OfertaTableViewCell.swift */ = {isa = PBXFileReference; lastKnownFileType = sourcecode.swift; path = OfertaTableViewCell.swift; sourceTree = "<group>"; };
		E6EB9E0629DC8CDB00E237BB /* OfertaTableViewCell.xib */ = {isa = PBXFileReference; lastKnownFileType = file.xib; path = OfertaTableViewCell.xib; sourceTree = "<group>"; };
		E6EB9E0929DC8DB300E237BB /* ViagemOfertaViewModel.swift */ = {isa = PBXFileReference; lastKnownFileType = sourcecode.swift; path = ViagemOfertaViewModel.swift; sourceTree = "<group>"; };
/* End PBXFileReference section */

/* Begin PBXFrameworksBuildPhase section */
		E614C57429C8CFF2008B88C1 /* Frameworks */ = {
			isa = PBXFrameworksBuildPhase;
			buildActionMask = 2147483647;
			files = (
			);
			runOnlyForDeploymentPostprocessing = 0;
		};
/* End PBXFrameworksBuildPhase section */

/* Begin PBXGroup section */
		E603178929D5D57E0080EC4B /* Mocks */ = {
			isa = PBXGroup;
			children = (
				E603178A29D5D5E50080EC4B /* server-response.json */,
			);
			path = Mocks;
			sourceTree = "<group>";
		};
		E603179229D5D68F0080EC4B /* Extensions */ = {
			isa = PBXGroup;
			children = (
				E603179329D5D6B00080EC4B /* UIView+Extension.swift */,
			);
			path = Extensions;
			sourceTree = "<group>";
		};
		E614C56E29C8CFF2008B88C1 = {
			isa = PBXGroup;
			children = (
				E614C57929C8CFF2008B88C1 /* Alura-Viagens */,
				E614C57829C8CFF2008B88C1 /* Products */,
			);
			sourceTree = "<group>";
		};
		E614C57829C8CFF2008B88C1 /* Products */ = {
			isa = PBXGroup;
			children = (
				E614C57729C8CFF2008B88C1 /* Alura-Viagens.app */,
			);
			name = Products;
			sourceTree = "<group>";
		};
		E614C57929C8CFF2008B88C1 /* Alura-Viagens */ = {
			isa = PBXGroup;
			children = (
				E603179229D5D68F0080EC4B /* Extensions */,
				E603178929D5D57E0080EC4B /* Mocks */,
				E678E55D29CCD9BE004F1563 /* ViewModel */,
				E678E55B29CCD95F004F1563 /* Views */,
				E678E55A29CCD959004F1563 /* Models */,
				E678E55929CCD922004F1563 /* App Delegate */,
				E614C58329C8CFF3008B88C1 /* Assets.xcassets */,
				E614C58529C8CFF3008B88C1 /* LaunchScreen.storyboard */,
				E614C58829C8CFF3008B88C1 /* Info.plist */,
			);
			path = "Alura-Viagens";
			sourceTree = "<group>";
		};
		E633707E29D35265001176B8 /* Cells */ = {
			isa = PBXGroup;
			children = (
				E6EB9E0429DC8CB900E237BB /* Oferta */,
				E6EB9E0329DC8CAD00E237BB /* Destaque */,
			);
			path = Cells;
			sourceTree = "<group>";
		};
		E678E55929CCD922004F1563 /* App Delegate */ = {
			isa = PBXGroup;
			children = (
				E614C57A29C8CFF2008B88C1 /* AppDelegate.swift */,
				E614C57C29C8CFF2008B88C1 /* SceneDelegate.swift */,
			);
			path = "App Delegate";
			sourceTree = "<group>";
		};
		E678E55A29CCD959004F1563 /* Models */ = {
			isa = PBXGroup;
			children = (
				E603178E29D5D67A0080EC4B /* Viagem.swift */,
				E603179029D5D6820080EC4B /* TiposDeViagens.swift */,
				E603178C29D5D6500080EC4B /* DecodableData.swift */,
			);
			path = Models;
			sourceTree = "<group>";
		};
		E678E55B29CCD95F004F1563 /* Views */ = {
			isa = PBXGroup;
			children = (
				E633707E29D35265001176B8 /* Cells */,
				E678E55C29CCD9A3004F1563 /* Header */,
				E614C58029C8CFF2008B88C1 /* Main.storyboard */,
				E614C57E29C8CFF2008B88C1 /* ViewController.swift */,
			);
			path = Views;
			sourceTree = "<group>";
		};
		E678E55C29CCD9A3004F1563 /* Header */ = {
			isa = PBXGroup;
			children = (
				E6DC883229CA13E900005D5E /* HomeTableViewHeader.xib */,
				E6DC883429CA176B00005D5E /* HomeTableViewHeader.swift */,
			);
			path = Header;
			sourceTree = "<group>";
		};
		E678E55D29CCD9BE004F1563 /* ViewModel */ = {
			isa = PBXGroup;
			children = (
				E603179529D5D74B0080EC4B /* ViagemViewModel.swift */,
				E6CD512C29DB4D480061AB63 /* ViagemDestaqueViewModel.swift */,
				E6EB9E0929DC8DB300E237BB /* ViagemOfertaViewModel.swift */,
			);
			path = ViewModel;
			sourceTree = "<group>";
		};
		E6EB9E0329DC8CAD00E237BB /* Destaque */ = {
			isa = PBXGroup;
			children = (
				E633707F29D3529E001176B8 /* ViagemTableViewCell.swift */,
				E633708029D3529E001176B8 /* ViagemTableViewCell.xib */,
			);
			path = Destaque;
			sourceTree = "<group>";
		};
		E6EB9E0429DC8CB900E237BB /* Oferta */ = {
			isa = PBXGroup;
			children = (
				E6EB9E0529DC8CDB00E237BB /* OfertaTableViewCell.swift */,
				E6EB9E0629DC8CDB00E237BB /* OfertaTableViewCell.xib */,
			);
			path = Oferta;
			sourceTree = "<group>";
		};
/* End PBXGroup section */

/* Begin PBXNativeTarget section */
		E614C57629C8CFF2008B88C1 /* Alura-Viagens */ = {
			isa = PBXNativeTarget;
			buildConfigurationList = E614C58B29C8CFF3008B88C1 /* Build configuration list for PBXNativeTarget "Alura-Viagens" */;
			buildPhases = (
				E614C57329C8CFF2008B88C1 /* Sources */,
				E614C57429C8CFF2008B88C1 /* Frameworks */,
				E614C57529C8CFF2008B88C1 /* Resources */,
			);
			buildRules = (
			);
			dependencies = (
			);
			name = "Alura-Viagens";
			productName = "Alura-Viagens";
			productReference = E614C57729C8CFF2008B88C1 /* Alura-Viagens.app */;
			productType = "com.apple.product-type.application";
		};
/* End PBXNativeTarget section */

/* Begin PBXProject section */
		E614C56F29C8CFF2008B88C1 /* Project object */ = {
			isa = PBXProject;
			attributes = {
				BuildIndependentTargetsInParallel = 1;
				LastSwiftUpdateCheck = 1420;
				LastUpgradeCheck = 1420;
				TargetAttributes = {
					E614C57629C8CFF2008B88C1 = {
						CreatedOnToolsVersion = 14.2;
					};
				};
			};
			buildConfigurationList = E614C57229C8CFF2008B88C1 /* Build configuration list for PBXProject "Alura-Viagens" */;
			compatibilityVersion = "Xcode 14.0";
			developmentRegion = en;
			hasScannedForEncodings = 0;
			knownRegions = (
				en,
				Base,
			);
			mainGroup = E614C56E29C8CFF2008B88C1;
			productRefGroup = E614C57829C8CFF2008B88C1 /* Products */;
			projectDirPath = "";
			projectRoot = "";
			targets = (
				E614C57629C8CFF2008B88C1 /* Alura-Viagens */,
			);
		};
/* End PBXProject section */

/* Begin PBXResourcesBuildPhase section */
		E614C57529C8CFF2008B88C1 /* Resources */ = {
			isa = PBXResourcesBuildPhase;
			buildActionMask = 2147483647;
			files = (
				E614C58729C8CFF3008B88C1 /* LaunchScreen.storyboard in Resources */,
				E603178B29D5D5E50080EC4B /* server-response.json in Resources */,
				E6DC883329CA13E900005D5E /* HomeTableViewHeader.xib in Resources */,
				E614C58429C8CFF3008B88C1 /* Assets.xcassets in Resources */,
				E614C58229C8CFF2008B88C1 /* Main.storyboard in Resources */,
				E633708229D3529E001176B8 /* ViagemTableViewCell.xib in Resources */,
				E6EB9E0829DC8CDB00E237BB /* OfertaTableViewCell.xib in Resources */,
			);
			runOnlyForDeploymentPostprocessing = 0;
		};
/* End PBXResourcesBuildPhase section */

/* Begin PBXSourcesBuildPhase section */
		E614C57329C8CFF2008B88C1 /* Sources */ = {
			isa = PBXSourcesBuildPhase;
			buildActionMask = 2147483647;
			files = (
				E614C57F29C8CFF2008B88C1 /* ViewController.swift in Sources */,
				E633708129D3529E001176B8 /* ViagemTableViewCell.swift in Sources */,
				E6DC883529CA176B00005D5E /* HomeTableViewHeader.swift in Sources */,
				E603179429D5D6B00080EC4B /* UIView+Extension.swift in Sources */,
				E6EB9E0A29DC8DB300E237BB /* ViagemOfertaViewModel.swift in Sources */,
				E6EB9E0729DC8CDB00E237BB /* OfertaTableViewCell.swift in Sources */,
				E603178D29D5D6500080EC4B /* DecodableData.swift in Sources */,
				E603179129D5D6820080EC4B /* TiposDeViagens.swift in Sources */,
				E614C57B29C8CFF2008B88C1 /* AppDelegate.swift in Sources */,
				E603178F29D5D67A0080EC4B /* Viagem.swift in Sources */,
				E614C57D29C8CFF2008B88C1 /* SceneDelegate.swift in Sources */,
				E603179629D5D74B0080EC4B /* ViagemViewModel.swift in Sources */,
				E6CD512D29DB4D480061AB63 /* ViagemDestaqueViewModel.swift in Sources */,
			);
			runOnlyForDeploymentPostprocessing = 0;
		};
/* End PBXSourcesBuildPhase section */

/* Begin PBXVariantGroup section */
		E614C58029C8CFF2008B88C1 /* Main.storyboard */ = {
			isa = PBXVariantGroup;
			children = (
				E614C58129C8CFF2008B88C1 /* Base */,
			);
			name = Main.storyboard;
			sourceTree = "<group>";
		};
		E614C58529C8CFF3008B88C1 /* LaunchScreen.storyboard */ = {
			isa = PBXVariantGroup;
			children = (
				E614C58629C8CFF3008B88C1 /* Base */,
			);
			name = LaunchScreen.storyboard;
			sourceTree = "<group>";
		};
/* End PBXVariantGroup section */

/* Begin XCBuildConfiguration section */
		E614C58929C8CFF3008B88C1 /* Debug */ = {
			isa = XCBuildConfiguration;
			buildSettings = {
				ALWAYS_SEARCH_USER_PATHS = NO;
				CLANG_ANALYZER_NONNULL = YES;
				CLANG_ANALYZER_NUMBER_OBJECT_CONVERSION = YES_AGGRESSIVE;
				CLANG_CXX_LANGUAGE_STANDARD = "gnu++20";
				CLANG_ENABLE_MODULES = YES;
				CLANG_ENABLE_OBJC_ARC = YES;
				CLANG_ENABLE_OBJC_WEAK = YES;
				CLANG_WARN_BLOCK_CAPTURE_AUTORELEASING = YES;
				CLANG_WARN_BOOL_CONVERSION = YES;
				CLANG_WARN_COMMA = YES;
				CLANG_WARN_CONSTANT_CONVERSION = YES;
				CLANG_WARN_DEPRECATED_OBJC_IMPLEMENTATIONS = YES;
				CLANG_WARN_DIRECT_OBJC_ISA_USAGE = YES_ERROR;
				CLANG_WARN_DOCUMENTATION_COMMENTS = YES;
				CLANG_WARN_EMPTY_BODY = YES;
				CLANG_WARN_ENUM_CONVERSION = YES;
				CLANG_WARN_INFINITE_RECURSION = YES;
				CLANG_WARN_INT_CONVERSION = YES;
				CLANG_WARN_NON_LITERAL_NULL_CONVERSION = YES;
				CLANG_WARN_OBJC_IMPLICIT_RETAIN_SELF = YES;
				CLANG_WARN_OBJC_LITERAL_CONVERSION = YES;
				CLANG_WARN_OBJC_ROOT_CLASS = YES_ERROR;
				CLANG_WARN_QUOTED_INCLUDE_IN_FRAMEWORK_HEADER = YES;
				CLANG_WARN_RANGE_LOOP_ANALYSIS = YES;
				CLANG_WARN_STRICT_PROTOTYPES = YES;
				CLANG_WARN_SUSPICIOUS_MOVE = YES;
				CLANG_WARN_UNGUARDED_AVAILABILITY = YES_AGGRESSIVE;
				CLANG_WARN_UNREACHABLE_CODE = YES;
				CLANG_WARN__DUPLICATE_METHOD_MATCH = YES;
				COPY_PHASE_STRIP = NO;
				DEBUG_INFORMATION_FORMAT = dwarf;
				ENABLE_STRICT_OBJC_MSGSEND = YES;
				ENABLE_TESTABILITY = YES;
				GCC_C_LANGUAGE_STANDARD = gnu11;
				GCC_DYNAMIC_NO_PIC = NO;
				GCC_NO_COMMON_BLOCKS = YES;
				GCC_OPTIMIZATION_LEVEL = 0;
				GCC_PREPROCESSOR_DEFINITIONS = (
					"DEBUG=1",
					"$(inherited)",
				);
				GCC_WARN_64_TO_32_BIT_CONVERSION = YES;
				GCC_WARN_ABOUT_RETURN_TYPE = YES_ERROR;
				GCC_WARN_UNDECLARED_SELECTOR = YES;
				GCC_WARN_UNINITIALIZED_AUTOS = YES_AGGRESSIVE;
				GCC_WARN_UNUSED_FUNCTION = YES;
				GCC_WARN_UNUSED_VARIABLE = YES;
				IPHONEOS_DEPLOYMENT_TARGET = 16.2;
				MTL_ENABLE_DEBUG_INFO = INCLUDE_SOURCE;
				MTL_FAST_MATH = YES;
				ONLY_ACTIVE_ARCH = YES;
				SDKROOT = iphoneos;
				SWIFT_ACTIVE_COMPILATION_CONDITIONS = DEBUG;
				SWIFT_OPTIMIZATION_LEVEL = "-Onone";
			};
			name = Debug;
		};
		E614C58A29C8CFF3008B88C1 /* Release */ = {
			isa = XCBuildConfiguration;
			buildSettings = {
				ALWAYS_SEARCH_USER_PATHS = NO;
				CLANG_ANALYZER_NONNULL = YES;
				CLANG_ANALYZER_NUMBER_OBJECT_CONVERSION = YES_AGGRESSIVE;
				CLANG_CXX_LANGUAGE_STANDARD = "gnu++20";
				CLANG_ENABLE_MODULES = YES;
				CLANG_ENABLE_OBJC_ARC = YES;
				CLANG_ENABLE_OBJC_WEAK = YES;
				CLANG_WARN_BLOCK_CAPTURE_AUTORELEASING = YES;
				CLANG_WARN_BOOL_CONVERSION = YES;
				CLANG_WARN_COMMA = YES;
				CLANG_WARN_CONSTANT_CONVERSION = YES;
				CLANG_WARN_DEPRECATED_OBJC_IMPLEMENTATIONS = YES;
				CLANG_WARN_DIRECT_OBJC_ISA_USAGE = YES_ERROR;
				CLANG_WARN_DOCUMENTATION_COMMENTS = YES;
				CLANG_WARN_EMPTY_BODY = YES;
				CLANG_WARN_ENUM_CONVERSION = YES;
				CLANG_WARN_INFINITE_RECURSION = YES;
				CLANG_WARN_INT_CONVERSION = YES;
				CLANG_WARN_NON_LITERAL_NULL_CONVERSION = YES;
				CLANG_WARN_OBJC_IMPLICIT_RETAIN_SELF = YES;
				CLANG_WARN_OBJC_LITERAL_CONVERSION = YES;
				CLANG_WARN_OBJC_ROOT_CLASS = YES_ERROR;
				CLANG_WARN_QUOTED_INCLUDE_IN_FRAMEWORK_HEADER = YES;
				CLANG_WARN_RANGE_LOOP_ANALYSIS = YES;
				CLANG_WARN_STRICT_PROTOTYPES = YES;
				CLANG_WARN_SUSPICIOUS_MOVE = YES;
				CLANG_WARN_UNGUARDED_AVAILABILITY = YES_AGGRESSIVE;
				CLANG_WARN_UNREACHABLE_CODE = YES;
				CLANG_WARN__DUPLICATE_METHOD_MATCH = YES;
				COPY_PHASE_STRIP = NO;
				DEBUG_INFORMATION_FORMAT = "dwarf-with-dsym";
				ENABLE_NS_ASSERTIONS = NO;
				ENABLE_STRICT_OBJC_MSGSEND = YES;
				GCC_C_LANGUAGE_STANDARD = gnu11;
				GCC_NO_COMMON_BLOCKS = YES;
				GCC_WARN_64_TO_32_BIT_CONVERSION = YES;
				GCC_WARN_ABOUT_RETURN_TYPE = YES_ERROR;
				GCC_WARN_UNDECLARED_SELECTOR = YES;
				GCC_WARN_UNINITIALIZED_AUTOS = YES_AGGRESSIVE;
				GCC_WARN_UNUSED_FUNCTION = YES;
				GCC_WARN_UNUSED_VARIABLE = YES;
				IPHONEOS_DEPLOYMENT_TARGET = 16.2;
				MTL_ENABLE_DEBUG_INFO = NO;
				MTL_FAST_MATH = YES;
				SDKROOT = iphoneos;
				SWIFT_COMPILATION_MODE = wholemodule;
				SWIFT_OPTIMIZATION_LEVEL = "-O";
				VALIDATE_PRODUCT = YES;
			};
			name = Release;
		};
		E614C58C29C8CFF3008B88C1 /* Debug */ = {
			isa = XCBuildConfiguration;
			buildSettings = {
				ASSETCATALOG_COMPILER_APPICON_NAME = AppIcon;
				ASSETCATALOG_COMPILER_GLOBAL_ACCENT_COLOR_NAME = AccentColor;
				CODE_SIGN_STYLE = Automatic;
				CURRENT_PROJECT_VERSION = 1;
				DEVELOPMENT_TEAM = 9A8JUJ4K6L;
				GENERATE_INFOPLIST_FILE = YES;
				INFOPLIST_FILE = "Alura-Viagens/Info.plist";
				INFOPLIST_KEY_UIApplicationSupportsIndirectInputEvents = YES;
				INFOPLIST_KEY_UILaunchStoryboardName = LaunchScreen;
				INFOPLIST_KEY_UIMainStoryboardFile = Main;
				INFOPLIST_KEY_UISupportedInterfaceOrientations_iPad = "UIInterfaceOrientationPortrait UIInterfaceOrientationPortraitUpsideDown UIInterfaceOrientationLandscapeLeft UIInterfaceOrientationLandscapeRight";
				INFOPLIST_KEY_UISupportedInterfaceOrientations_iPhone = "UIInterfaceOrientationPortrait UIInterfaceOrientationLandscapeLeft UIInterfaceOrientationLandscapeRight";
				LD_RUNPATH_SEARCH_PATHS = (
					"$(inherited)",
					"@executable_path/Frameworks",
				);
				MARKETING_VERSION = 1.0;
				PRODUCT_BUNDLE_IDENTIFIER = "Wagner.Alura-Viagens";
				PRODUCT_NAME = "$(TARGET_NAME)";
				SWIFT_EMIT_LOC_STRINGS = YES;
				SWIFT_VERSION = 5.0;
				TARGETED_DEVICE_FAMILY = "1,2";
			};
			name = Debug;
		};
		E614C58D29C8CFF3008B88C1 /* Release */ = {
			isa = XCBuildConfiguration;
			buildSettings = {
				ASSETCATALOG_COMPILER_APPICON_NAME = AppIcon;
				ASSETCATALOG_COMPILER_GLOBAL_ACCENT_COLOR_NAME = AccentColor;
				CODE_SIGN_STYLE = Automatic;
				CURRENT_PROJECT_VERSION = 1;
				DEVELOPMENT_TEAM = 9A8JUJ4K6L;
				GENERATE_INFOPLIST_FILE = YES;
				INFOPLIST_FILE = "Alura-Viagens/Info.plist";
				INFOPLIST_KEY_UIApplicationSupportsIndirectInputEvents = YES;
				INFOPLIST_KEY_UILaunchStoryboardName = LaunchScreen;
				INFOPLIST_KEY_UIMainStoryboardFile = Main;
				INFOPLIST_KEY_UISupportedInterfaceOrientations_iPad = "UIInterfaceOrientationPortrait UIInterfaceOrientationPortraitUpsideDown UIInterfaceOrientationLandscapeLeft UIInterfaceOrientationLandscapeRight";
				INFOPLIST_KEY_UISupportedInterfaceOrientations_iPhone = "UIInterfaceOrientationPortrait UIInterfaceOrientationLandscapeLeft UIInterfaceOrientationLandscapeRight";
				LD_RUNPATH_SEARCH_PATHS = (
					"$(inherited)",
					"@executable_path/Frameworks",
				);
				MARKETING_VERSION = 1.0;
				PRODUCT_BUNDLE_IDENTIFIER = "Wagner.Alura-Viagens";
				PRODUCT_NAME = "$(TARGET_NAME)";
				SWIFT_EMIT_LOC_STRINGS = YES;
				SWIFT_VERSION = 5.0;
				TARGETED_DEVICE_FAMILY = "1,2";
			};
			name = Release;
		};
/* End XCBuildConfiguration section */

/* Begin XCConfigurationList section */
		E614C57229C8CFF2008B88C1 /* Build configuration list for PBXProject "Alura-Viagens" */ = {
			isa = XCConfigurationList;
			buildConfigurations = (
				E614C58929C8CFF3008B88C1 /* Debug */,
				E614C58A29C8CFF3008B88C1 /* Release */,
			);
			defaultConfigurationIsVisible = 0;
			defaultConfigurationName = Release;
		};
		E614C58B29C8CFF3008B88C1 /* Build configuration list for PBXNativeTarget "Alura-Viagens" */ = {
			isa = XCConfigurationList;
			buildConfigurations = (
				E614C58C29C8CFF3008B88C1 /* Debug */,
				E614C58D29C8CFF3008B88C1 /* Release */,
			);
			defaultConfigurationIsVisible = 0;
			defaultConfigurationName = Release;
		};
/* End XCConfigurationList section */
	};
	rootObject = E614C56F29C8CFF2008B88C1 /* Project object */;
}
